
Microsoft Visual Studio Solution File, Format Version 12.00
# Visual Studio 2013
VisualStudioVersion = 12.0.31101.0
MinimumVisualStudioVersion = 10.0.40219.1
Project("{2150E333-8FDC-42A3-9474-1A3956D46DE8}") = ".nuget", ".nuget", "{47317A2D-29F2-4E48-A986-DDDA2467158E}"
	ProjectSection(SolutionItems) = preProject
		.nuget\NuGet.Config = .nuget\NuGet.Config
		.nuget\nuget.exe = .nuget\nuget.exe
		.nuget\NuGet.targets = .nuget\NuGet.targets
	EndProjectSection
EndProject
Project("{FAE04EC0-301F-11D3-BF4B-00C04F79EFBC}") = "Emby.WindowsPhone", "Emby.WindowsPhone\Emby.WindowsPhone.csproj", "{38B51256-1BAA-42E6-A043-47DD5A334513}"
EndProject
Project("{FAE04EC0-301F-11D3-BF4B-00C04F79EFBC}") = "Emby.WindowsPhone.AudioAgent", "Emby.WindowsPhone.AudioAgent\Emby.WindowsPhone.AudioAgent.csproj", "{62509334-83BD-4D52-9387-498D59630832}"
EndProject
Project("{FAE04EC0-301F-11D3-BF4B-00C04F79EFBC}") = "Emby.Shared", "Emby.Shared\Emby.Shared.csproj", "{0663D56B-A326-4E58-939B-B20ADEE2C7E7}"
EndProject
Project("{FAE04EC0-301F-11D3-BF4B-00C04F79EFBC}") = "Emby.WindowsPhone.Background", "Emby.WindowsPhone.Background\Emby.WindowsPhone.Background.csproj", "{0EE0D99C-5AD8-4C43-8C70-E3BB77226340}"
EndProject
Project("{FAE04EC0-301F-11D3-BF4B-00C04F79EFBC}") = "Emby.WindowsPhone.Localisation", "Emby.Localisation\Emby.WindowsPhone.Localisation.csproj", "{2D79C354-8B14-40A9-AE35-D4DF051CC374}"
EndProject
Project("{2150E333-8FDC-42A3-9474-1A3956D46DE8}") = "Other", "Other", "{041EDB10-C6AA-479C-AA97-A8641A160CC6}"
EndProject
Project("{FAE04EC0-301F-11D3-BF4B-00C04F79EFBC}") = "MediaBrowser.ApiInteraction.Portable", "Other\ApiClient\MediaBrowser.ApiInteraction.Portable\MediaBrowser.ApiInteraction.Portable.csproj", "{52E0C440-85C0-4A99-ACFE-07C87B2600BE}"
EndProject
Project("{2150E333-8FDC-42A3-9474-1A3956D46DE8}") = "Emby", "Emby", "{60244F6B-AE13-471B-BB51-35CE0D6759F8}"
EndProject
Global
	GlobalSection(SolutionConfigurationPlatforms) = preSolution
		Debug|Any CPU = Debug|Any CPU
		Debug|ARM = Debug|ARM
		Debug|Mixed Platforms = Debug|Mixed Platforms
		Debug|x64 = Debug|x64
		Debug|x86 = Debug|x86
		DebugTrial|Any CPU = DebugTrial|Any CPU
		DebugTrial|ARM = DebugTrial|ARM
		DebugTrial|Mixed Platforms = DebugTrial|Mixed Platforms
		DebugTrial|x64 = DebugTrial|x64
		DebugTrial|x86 = DebugTrial|x86
		Release|Any CPU = Release|Any CPU
		Release|ARM = Release|ARM
		Release|Mixed Platforms = Release|Mixed Platforms
		Release|x64 = Release|x64
		Release|x86 = Release|x86
	EndGlobalSection
	GlobalSection(ProjectConfigurationPlatforms) = postSolution
		{38B51256-1BAA-42E6-A043-47DD5A334513}.Debug|Any CPU.ActiveCfg = Debug|Any CPU
		{38B51256-1BAA-42E6-A043-47DD5A334513}.Debug|Any CPU.Build.0 = Debug|Any CPU
		{38B51256-1BAA-42E6-A043-47DD5A334513}.Debug|Any CPU.Deploy.0 = Debug|Any CPU
		{38B51256-1BAA-42E6-A043-47DD5A334513}.Debug|ARM.ActiveCfg = Debug|ARM
		{38B51256-1BAA-42E6-A043-47DD5A334513}.Debug|ARM.Build.0 = Debug|ARM
		{38B51256-1BAA-42E6-A043-47DD5A334513}.Debug|ARM.Deploy.0 = Debug|ARM
		{38B51256-1BAA-42E6-A043-47DD5A334513}.Debug|Mixed Platforms.ActiveCfg = Debug|x86
		{38B51256-1BAA-42E6-A043-47DD5A334513}.Debug|Mixed Platforms.Build.0 = Debug|x86
		{38B51256-1BAA-42E6-A043-47DD5A334513}.Debug|Mixed Platforms.Deploy.0 = Debug|x86
		{38B51256-1BAA-42E6-A043-47DD5A334513}.Debug|x64.ActiveCfg = Debug|Any CPU
		{38B51256-1BAA-42E6-A043-47DD5A334513}.Debug|x86.ActiveCfg = Debug|x86
		{38B51256-1BAA-42E6-A043-47DD5A334513}.Debug|x86.Build.0 = Debug|x86
		{38B51256-1BAA-42E6-A043-47DD5A334513}.Debug|x86.Deploy.0 = Debug|x86
		{38B51256-1BAA-42E6-A043-47DD5A334513}.DebugTrial|Any CPU.ActiveCfg = DebugTrial|Any CPU
		{38B51256-1BAA-42E6-A043-47DD5A334513}.DebugTrial|Any CPU.Build.0 = DebugTrial|Any CPU
		{38B51256-1BAA-42E6-A043-47DD5A334513}.DebugTrial|Any CPU.Deploy.0 = DebugTrial|Any CPU
		{38B51256-1BAA-42E6-A043-47DD5A334513}.DebugTrial|ARM.ActiveCfg = DebugTrial|ARM
		{38B51256-1BAA-42E6-A043-47DD5A334513}.DebugTrial|ARM.Build.0 = DebugTrial|ARM
		{38B51256-1BAA-42E6-A043-47DD5A334513}.DebugTrial|ARM.Deploy.0 = DebugTrial|ARM
		{38B51256-1BAA-42E6-A043-47DD5A334513}.DebugTrial|Mixed Platforms.ActiveCfg = DebugTrial|x86
		{38B51256-1BAA-42E6-A043-47DD5A334513}.DebugTrial|Mixed Platforms.Build.0 = DebugTrial|x86
		{38B51256-1BAA-42E6-A043-47DD5A334513}.DebugTrial|Mixed Platforms.Deploy.0 = DebugTrial|x86
		{38B51256-1BAA-42E6-A043-47DD5A334513}.DebugTrial|x64.ActiveCfg = DebugTrial|Any CPU
		{38B51256-1BAA-42E6-A043-47DD5A334513}.DebugTrial|x86.ActiveCfg = DebugTrial|x86
		{38B51256-1BAA-42E6-A043-47DD5A334513}.DebugTrial|x86.Build.0 = DebugTrial|x86
		{38B51256-1BAA-42E6-A043-47DD5A334513}.DebugTrial|x86.Deploy.0 = DebugTrial|x86
		{38B51256-1BAA-42E6-A043-47DD5A334513}.Release|Any CPU.ActiveCfg = Release|Any CPU
		{38B51256-1BAA-42E6-A043-47DD5A334513}.Release|Any CPU.Build.0 = Release|Any CPU
		{38B51256-1BAA-42E6-A043-47DD5A334513}.Release|Any CPU.Deploy.0 = Release|Any CPU
		{38B51256-1BAA-42E6-A043-47DD5A334513}.Release|ARM.ActiveCfg = Release|ARM
		{38B51256-1BAA-42E6-A043-47DD5A334513}.Release|ARM.Build.0 = Release|ARM
		{38B51256-1BAA-42E6-A043-47DD5A334513}.Release|ARM.Deploy.0 = Release|ARM
		{38B51256-1BAA-42E6-A043-47DD5A334513}.Release|Mixed Platforms.ActiveCfg = Release|x86
		{38B51256-1BAA-42E6-A043-47DD5A334513}.Release|Mixed Platforms.Build.0 = Release|x86
		{38B51256-1BAA-42E6-A043-47DD5A334513}.Release|Mixed Platforms.Deploy.0 = Release|x86
		{38B51256-1BAA-42E6-A043-47DD5A334513}.Release|x64.ActiveCfg = Release|Any CPU
		{38B51256-1BAA-42E6-A043-47DD5A334513}.Release|x86.ActiveCfg = Release|x86
		{38B51256-1BAA-42E6-A043-47DD5A334513}.Release|x86.Build.0 = Release|x86
		{38B51256-1BAA-42E6-A043-47DD5A334513}.Release|x86.Deploy.0 = Release|x86
		{62509334-83BD-4D52-9387-498D59630832}.Debug|Any CPU.ActiveCfg = Debug|Any CPU
		{62509334-83BD-4D52-9387-498D59630832}.Debug|Any CPU.Build.0 = Debug|Any CPU
		{62509334-83BD-4D52-9387-498D59630832}.Debug|ARM.ActiveCfg = Debug|ARM
		{62509334-83BD-4D52-9387-498D59630832}.Debug|ARM.Build.0 = Debug|ARM
		{62509334-83BD-4D52-9387-498D59630832}.Debug|Mixed Platforms.ActiveCfg = Debug|x86
		{62509334-83BD-4D52-9387-498D59630832}.Debug|Mixed Platforms.Build.0 = Debug|x86
		{62509334-83BD-4D52-9387-498D59630832}.Debug|x64.ActiveCfg = Debug|Any CPU
		{62509334-83BD-4D52-9387-498D59630832}.Debug|x86.ActiveCfg = Debug|x86
		{62509334-83BD-4D52-9387-498D59630832}.Debug|x86.Build.0 = Debug|x86
		{62509334-83BD-4D52-9387-498D59630832}.DebugTrial|Any CPU.ActiveCfg = DebugTrial|Any CPU
		{62509334-83BD-4D52-9387-498D59630832}.DebugTrial|Any CPU.Build.0 = DebugTrial|Any CPU
		{62509334-83BD-4D52-9387-498D59630832}.DebugTrial|ARM.ActiveCfg = DebugTrial|ARM
		{62509334-83BD-4D52-9387-498D59630832}.DebugTrial|ARM.Build.0 = DebugTrial|ARM
		{62509334-83BD-4D52-9387-498D59630832}.DebugTrial|Mixed Platforms.ActiveCfg = DebugTrial|x86
		{62509334-83BD-4D52-9387-498D59630832}.DebugTrial|Mixed Platforms.Build.0 = DebugTrial|x86
		{62509334-83BD-4D52-9387-498D59630832}.DebugTrial|x64.ActiveCfg = DebugTrial|Any CPU
		{62509334-83BD-4D52-9387-498D59630832}.DebugTrial|x86.ActiveCfg = DebugTrial|x86
		{62509334-83BD-4D52-9387-498D59630832}.DebugTrial|x86.Build.0 = DebugTrial|x86
		{62509334-83BD-4D52-9387-498D59630832}.Release|Any CPU.ActiveCfg = Release|Any CPU
		{62509334-83BD-4D52-9387-498D59630832}.Release|Any CPU.Build.0 = Release|Any CPU
		{62509334-83BD-4D52-9387-498D59630832}.Release|ARM.ActiveCfg = Release|ARM
		{62509334-83BD-4D52-9387-498D59630832}.Release|ARM.Build.0 = Release|ARM
		{62509334-83BD-4D52-9387-498D59630832}.Release|Mixed Platforms.ActiveCfg = Release|x86
		{62509334-83BD-4D52-9387-498D59630832}.Release|Mixed Platforms.Build.0 = Release|x86
		{62509334-83BD-4D52-9387-498D59630832}.Release|x64.ActiveCfg = Release|Any CPU
		{62509334-83BD-4D52-9387-498D59630832}.Release|x86.ActiveCfg = Release|x86
		{62509334-83BD-4D52-9387-498D59630832}.Release|x86.Build.0 = Release|x86
		{0663D56B-A326-4E58-939B-B20ADEE2C7E7}.Debug|Any CPU.ActiveCfg = Debug|Any CPU
		{0663D56B-A326-4E58-939B-B20ADEE2C7E7}.Debug|Any CPU.Build.0 = Debug|Any CPU
		{0663D56B-A326-4E58-939B-B20ADEE2C7E7}.Debug|ARM.ActiveCfg = Debug|Any CPU
		{0663D56B-A326-4E58-939B-B20ADEE2C7E7}.Debug|Mixed Platforms.ActiveCfg = Debug|x86
		{0663D56B-A326-4E58-939B-B20ADEE2C7E7}.Debug|Mixed Platforms.Build.0 = Debug|x86
		{0663D56B-A326-4E58-939B-B20ADEE2C7E7}.Debug|x64.ActiveCfg = Debug|Any CPU
		{0663D56B-A326-4E58-939B-B20ADEE2C7E7}.Debug|x86.ActiveCfg = Debug|x86
		{0663D56B-A326-4E58-939B-B20ADEE2C7E7}.Debug|x86.Build.0 = Debug|x86
		{0663D56B-A326-4E58-939B-B20ADEE2C7E7}.DebugTrial|Any CPU.ActiveCfg = DebugTrial|Any CPU
		{0663D56B-A326-4E58-939B-B20ADEE2C7E7}.DebugTrial|Any CPU.Build.0 = DebugTrial|Any CPU
		{0663D56B-A326-4E58-939B-B20ADEE2C7E7}.DebugTrial|ARM.ActiveCfg = DebugTrial|Any CPU
		{0663D56B-A326-4E58-939B-B20ADEE2C7E7}.DebugTrial|Mixed Platforms.ActiveCfg = DebugTrial|x86
		{0663D56B-A326-4E58-939B-B20ADEE2C7E7}.DebugTrial|Mixed Platforms.Build.0 = DebugTrial|x86
		{0663D56B-A326-4E58-939B-B20ADEE2C7E7}.DebugTrial|x64.ActiveCfg = DebugTrial|Any CPU
		{0663D56B-A326-4E58-939B-B20ADEE2C7E7}.DebugTrial|x86.ActiveCfg = DebugTrial|Any CPU
		{0663D56B-A326-4E58-939B-B20ADEE2C7E7}.Release|Any CPU.ActiveCfg = Release|Any CPU
		{0663D56B-A326-4E58-939B-B20ADEE2C7E7}.Release|Any CPU.Build.0 = Release|Any CPU
		{0663D56B-A326-4E58-939B-B20ADEE2C7E7}.Release|ARM.ActiveCfg = Release|ARM
		{0663D56B-A326-4E58-939B-B20ADEE2C7E7}.Release|ARM.Build.0 = Release|ARM
		{0663D56B-A326-4E58-939B-B20ADEE2C7E7}.Release|Mixed Platforms.ActiveCfg = Release|x86
		{0663D56B-A326-4E58-939B-B20ADEE2C7E7}.Release|Mixed Platforms.Build.0 = Release|x86
		{0663D56B-A326-4E58-939B-B20ADEE2C7E7}.Release|x64.ActiveCfg = Release|Any CPU
		{0663D56B-A326-4E58-939B-B20ADEE2C7E7}.Release|x86.ActiveCfg = Release|x86
		{0663D56B-A326-4E58-939B-B20ADEE2C7E7}.Release|x86.Build.0 = Release|x86
		{0EE0D99C-5AD8-4C43-8C70-E3BB77226340}.Debug|Any CPU.ActiveCfg = Debug|Any CPU
		{0EE0D99C-5AD8-4C43-8C70-E3BB77226340}.Debug|Any CPU.Build.0 = Debug|Any CPU
		{0EE0D99C-5AD8-4C43-8C70-E3BB77226340}.Debug|ARM.ActiveCfg = Debug|ARM
		{0EE0D99C-5AD8-4C43-8C70-E3BB77226340}.Debug|ARM.Build.0 = Debug|ARM
		{0EE0D99C-5AD8-4C43-8C70-E3BB77226340}.Debug|Mixed Platforms.ActiveCfg = Debug|x86
		{0EE0D99C-5AD8-4C43-8C70-E3BB77226340}.Debug|Mixed Platforms.Build.0 = Debug|x86
		{0EE0D99C-5AD8-4C43-8C70-E3BB77226340}.Debug|x64.ActiveCfg = Debug|Any CPU
		{0EE0D99C-5AD8-4C43-8C70-E3BB77226340}.Debug|x86.ActiveCfg = Debug|x86
		{0EE0D99C-5AD8-4C43-8C70-E3BB77226340}.Debug|x86.Build.0 = Debug|x86
		{0EE0D99C-5AD8-4C43-8C70-E3BB77226340}.DebugTrial|Any CPU.ActiveCfg = Debug|Any CPU
		{0EE0D99C-5AD8-4C43-8C70-E3BB77226340}.DebugTrial|Any CPU.Build.0 = Debug|Any CPU
		{0EE0D99C-5AD8-4C43-8C70-E3BB77226340}.DebugTrial|ARM.ActiveCfg = Debug|ARM
		{0EE0D99C-5AD8-4C43-8C70-E3BB77226340}.DebugTrial|ARM.Build.0 = Debug|ARM
		{0EE0D99C-5AD8-4C43-8C70-E3BB77226340}.DebugTrial|Mixed Platforms.ActiveCfg = Debug|x86
		{0EE0D99C-5AD8-4C43-8C70-E3BB77226340}.DebugTrial|Mixed Platforms.Build.0 = Debug|x86
		{0EE0D99C-5AD8-4C43-8C70-E3BB77226340}.DebugTrial|x64.ActiveCfg = Debug|Any CPU
		{0EE0D99C-5AD8-4C43-8C70-E3BB77226340}.DebugTrial|x86.ActiveCfg = Debug|x86
		{0EE0D99C-5AD8-4C43-8C70-E3BB77226340}.DebugTrial|x86.Build.0 = Debug|x86
		{0EE0D99C-5AD8-4C43-8C70-E3BB77226340}.Release|Any CPU.ActiveCfg = Release|Any CPU
		{0EE0D99C-5AD8-4C43-8C70-E3BB77226340}.Release|Any CPU.Build.0 = Release|Any CPU
		{0EE0D99C-5AD8-4C43-8C70-E3BB77226340}.Release|ARM.ActiveCfg = Release|ARM
		{0EE0D99C-5AD8-4C43-8C70-E3BB77226340}.Release|ARM.Build.0 = Release|ARM
		{0EE0D99C-5AD8-4C43-8C70-E3BB77226340}.Release|Mixed Platforms.ActiveCfg = Release|x86
		{0EE0D99C-5AD8-4C43-8C70-E3BB77226340}.Release|Mixed Platforms.Build.0 = Release|x86
		{0EE0D99C-5AD8-4C43-8C70-E3BB77226340}.Release|x64.ActiveCfg = Release|Any CPU
		{0EE0D99C-5AD8-4C43-8C70-E3BB77226340}.Release|x86.ActiveCfg = Release|x86
		{0EE0D99C-5AD8-4C43-8C70-E3BB77226340}.Release|x86.Build.0 = Release|x86
		{2D79C354-8B14-40A9-AE35-D4DF051CC374}.Debug|Any CPU.ActiveCfg = Debug|Any CPU
		{2D79C354-8B14-40A9-AE35-D4DF051CC374}.Debug|Any CPU.Build.0 = Debug|Any CPU
		{2D79C354-8B14-40A9-AE35-D4DF051CC374}.Debug|ARM.ActiveCfg = Debug|ARM
		{2D79C354-8B14-40A9-AE35-D4DF051CC374}.Debug|ARM.Build.0 = Debug|ARM
		{2D79C354-8B14-40A9-AE35-D4DF051CC374}.Debug|Mixed Platforms.ActiveCfg = Debug|x86
		{2D79C354-8B14-40A9-AE35-D4DF051CC374}.Debug|Mixed Platforms.Build.0 = Debug|x86
		{2D79C354-8B14-40A9-AE35-D4DF051CC374}.Debug|x64.ActiveCfg = Debug|Any CPU
		{2D79C354-8B14-40A9-AE35-D4DF051CC374}.Debug|x86.ActiveCfg = Debug|x86
		{2D79C354-8B14-40A9-AE35-D4DF051CC374}.Debug|x86.Build.0 = Debug|x86
		{2D79C354-8B14-40A9-AE35-D4DF051CC374}.DebugTrial|Any CPU.ActiveCfg = Debug|Any CPU
		{2D79C354-8B14-40A9-AE35-D4DF051CC374}.DebugTrial|Any CPU.Build.0 = Debug|Any CPU
		{2D79C354-8B14-40A9-AE35-D4DF051CC374}.DebugTrial|ARM.ActiveCfg = Debug|ARM
		{2D79C354-8B14-40A9-AE35-D4DF051CC374}.DebugTrial|ARM.Build.0 = Debug|ARM
		{2D79C354-8B14-40A9-AE35-D4DF051CC374}.DebugTrial|Mixed Platforms.ActiveCfg = Debug|x86
		{2D79C354-8B14-40A9-AE35-D4DF051CC374}.DebugTrial|Mixed Platforms.Build.0 = Debug|x86
		{2D79C354-8B14-40A9-AE35-D4DF051CC374}.DebugTrial|x64.ActiveCfg = Debug|Any CPU
		{2D79C354-8B14-40A9-AE35-D4DF051CC374}.DebugTrial|x86.ActiveCfg = Debug|x86
		{2D79C354-8B14-40A9-AE35-D4DF051CC374}.DebugTrial|x86.Build.0 = Debug|x86
		{2D79C354-8B14-40A9-AE35-D4DF051CC374}.Release|Any CPU.ActiveCfg = Release|Any CPU
		{2D79C354-8B14-40A9-AE35-D4DF051CC374}.Release|Any CPU.Build.0 = Release|Any CPU
		{2D79C354-8B14-40A9-AE35-D4DF051CC374}.Release|ARM.ActiveCfg = Release|ARM
		{2D79C354-8B14-40A9-AE35-D4DF051CC374}.Release|ARM.Build.0 = Release|ARM
		{2D79C354-8B14-40A9-AE35-D4DF051CC374}.Release|Mixed Platforms.ActiveCfg = Release|x86
		{2D79C354-8B14-40A9-AE35-D4DF051CC374}.Release|Mixed Platforms.Build.0 = Release|x86
		{2D79C354-8B14-40A9-AE35-D4DF051CC374}.Release|x64.ActiveCfg = Release|Any CPU
		{2D79C354-8B14-40A9-AE35-D4DF051CC374}.Release|x86.ActiveCfg = Release|x86
		{2D79C354-8B14-40A9-AE35-D4DF051CC374}.Release|x86.Build.0 = Release|x86
		{52E0C440-85C0-4A99-ACFE-07C87B2600BE}.Debug|Any CPU.ActiveCfg = Debug|Any CPU
		{52E0C440-85C0-4A99-ACFE-07C87B2600BE}.Debug|Any CPU.Build.0 = Debug|Any CPU
		{52E0C440-85C0-4A99-ACFE-07C87B2600BE}.Debug|ARM.ActiveCfg = Debug|Any CPU
		{52E0C440-85C0-4A99-ACFE-07C87B2600BE}.Debug|Mixed Platforms.ActiveCfg = Debug|Any CPU
		{52E0C440-85C0-4A99-ACFE-07C87B2600BE}.Debug|Mixed Platforms.Build.0 = Debug|Any CPU
		{52E0C440-85C0-4A99-ACFE-07C87B2600BE}.Debug|x64.ActiveCfg = Debug|Any CPU
		{52E0C440-85C0-4A99-ACFE-07C87B2600BE}.Debug|x86.ActiveCfg = Debug|Any CPU
		{52E0C440-85C0-4A99-ACFE-07C87B2600BE}.DebugTrial|Any CPU.ActiveCfg = Debug|Any CPU
		{52E0C440-85C0-4A99-ACFE-07C87B2600BE}.DebugTrial|Any CPU.Build.0 = Debug|Any CPU
		{52E0C440-85C0-4A99-ACFE-07C87B2600BE}.DebugTrial|ARM.ActiveCfg = Debug|Any CPU
		{52E0C440-85C0-4A99-ACFE-07C87B2600BE}.DebugTrial|Mixed Platforms.ActiveCfg = Debug|Any CPU
		{52E0C440-85C0-4A99-ACFE-07C87B2600BE}.DebugTrial|Mixed Platforms.Build.0 = Debug|Any CPU
		{52E0C440-85C0-4A99-ACFE-07C87B2600BE}.DebugTrial|x64.ActiveCfg = Debug|Any CPU
		{52E0C440-85C0-4A99-ACFE-07C87B2600BE}.DebugTrial|x86.ActiveCfg = Debug|Any CPU
		{52E0C440-85C0-4A99-ACFE-07C87B2600BE}.Release|Any CPU.ActiveCfg = Release|Any CPU
		{52E0C440-85C0-4A99-ACFE-07C87B2600BE}.Release|Any CPU.Build.0 = Release|Any CPU
		{52E0C440-85C0-4A99-ACFE-07C87B2600BE}.Release|ARM.ActiveCfg = Release|Any CPU
		{52E0C440-85C0-4A99-ACFE-07C87B2600BE}.Release|ARM.Build.0 = Release|Any CPU
		{52E0C440-85C0-4A99-ACFE-07C87B2600BE}.Release|Mixed Platforms.ActiveCfg = Release|Any CPU
		{52E0C440-85C0-4A99-ACFE-07C87B2600BE}.Release|Mixed Platforms.Build.0 = Release|Any CPU
		{52E0C440-85C0-4A99-ACFE-07C87B2600BE}.Release|x64.ActiveCfg = Release|Any CPU
		{52E0C440-85C0-4A99-ACFE-07C87B2600BE}.Release|x86.ActiveCfg = Release|Any CPU
		{52E0C440-85C0-4A99-ACFE-07C87B2600BE}.Release|x86.Build.0 = Release|Any CPU
	EndGlobalSection
	GlobalSection(SolutionProperties) = preSolution
		HideSolutionNode = FALSE
	EndGlobalSection
	GlobalSection(NestedProjects) = preSolution
		{52E0C440-85C0-4A99-ACFE-07C87B2600BE} = {60244F6B-AE13-471B-BB51-35CE0D6759F8}
		{60244F6B-AE13-471B-BB51-35CE0D6759F8} = {041EDB10-C6AA-479C-AA97-A8641A160CC6}
	EndGlobalSection
EndGlobal
