
Microsoft Visual Studio Solution File, Format Version 12.00
# Visual Studio 2012
Project("{2150E333-8FDC-42A3-9474-1A3956D46DE8}") = ".nuget", ".nuget", "{47317A2D-29F2-4E48-A986-DDDA2467158E}"
	ProjectSection(SolutionItems) = preProject
		.nuget\NuGet.Config = .nuget\NuGet.Config
		.nuget\nuget.exe = .nuget\nuget.exe
		.nuget\NuGet.targets = .nuget\NuGet.targets
	EndProjectSection
EndProject
Project("{FAE04EC0-301F-11D3-BF4B-00C04F79EFBC}") = "MediaBrowser.WindowsPhone8", "MediaBrowser.WindowsPhone8\MediaBrowser.WindowsPhone8.csproj", "{38B51256-1BAA-42E6-A043-47DD5A334513}"
EndProject
Project("{FAE04EC0-301F-11D3-BF4B-00C04F79EFBC}") = "MediaBrowser.WindowsPhone7", "MediaBrowser.WindowsPhone7\MediaBrowser.WindowsPhone7.csproj", "{299CD68E-1122-4ABB-BA26-283E331417BA}"
EndProject
Project("{FAE04EC0-301F-11D3-BF4B-00C04F79EFBC}") = "MediaBrowser.WindowsPhone7.AudioAgent", "MediaBrowser.WindowsPhone7.AudioAgent\MediaBrowser.WindowsPhone7.AudioAgent.csproj", "{D14362C5-5568-49A0-8FAA-7F8C219C0C48}"
EndProject
Project("{FAE04EC0-301F-11D3-BF4B-00C04F79EFBC}") = "AudioSharedLibrary", "AudioSharedLibrary\AudioSharedLibrary.csproj", "{49716E9D-F1AE-4ECF-9ED6-557BC424DBD3}"
EndProject
Project("{FAE04EC0-301F-11D3-BF4B-00C04F79EFBC}") = "MediaBrowser.WindowsPhone8.AudioAgent", "MediaBrowser.WindowsPhone8.AudioAgent\MediaBrowser.WindowsPhone8.AudioAgent.csproj", "{62509334-83BD-4D52-9387-498D59630832}"
EndProject
Project("{FAE04EC0-301F-11D3-BF4B-00C04F79EFBC}") = "MediaBrowser.Shared8", "MediaBrowser.Shared\MediaBrowser.Shared8.csproj", "{0663D56B-A326-4E58-939B-B20ADEE2C7E7}"
EndProject
Project("{FAE04EC0-301F-11D3-BF4B-00C04F79EFBC}") = "MediaBrowser.Shared7", "MediaBrowser.Shared7\MediaBrowser.Shared7.csproj", "{608F448C-18D2-47B6-A643-904223B51D7C}"
EndProject
Global
	GlobalSection(SolutionConfigurationPlatforms) = preSolution
		Debug|Any CPU = Debug|Any CPU
		Debug|ARM = Debug|ARM
		Debug|x64 = Debug|x64
		Debug|x86 = Debug|x86
		DebugTrial|Any CPU = DebugTrial|Any CPU
		DebugTrial|ARM = DebugTrial|ARM
		DebugTrial|x64 = DebugTrial|x64
		DebugTrial|x86 = DebugTrial|x86
		Release|Any CPU = Release|Any CPU
		Release|ARM = Release|ARM
		Release|x64 = Release|x64
		Release|x86 = Release|x86
	EndGlobalSection
	GlobalSection(ProjectConfigurationPlatforms) = postSolution
		{38B51256-1BAA-42E6-A043-47DD5A334513}.Debug|Any CPU.ActiveCfg = Debug|Any CPU
		{38B51256-1BAA-42E6-A043-47DD5A334513}.Debug|Any CPU.Build.0 = Debug|Any CPU
		{38B51256-1BAA-42E6-A043-47DD5A334513}.Debug|Any CPU.Deploy.0 = Debug|Any CPU
		{38B51256-1BAA-42E6-A043-47DD5A334513}.Debug|ARM.ActiveCfg = Debug|ARM
		{38B51256-1BAA-42E6-A043-47DD5A334513}.Debug|ARM.Build.0 = Debug|ARM
		{38B51256-1BAA-42E6-A043-47DD5A334513}.Debug|ARM.Deploy.0 = Debug|ARM
		{38B51256-1BAA-42E6-A043-47DD5A334513}.Debug|x64.ActiveCfg = Debug|Any CPU
		{38B51256-1BAA-42E6-A043-47DD5A334513}.Debug|x86.ActiveCfg = Debug|x86
		{38B51256-1BAA-42E6-A043-47DD5A334513}.Debug|x86.Build.0 = Debug|x86
		{38B51256-1BAA-42E6-A043-47DD5A334513}.Debug|x86.Deploy.0 = Debug|x86
		{38B51256-1BAA-42E6-A043-47DD5A334513}.DebugTrial|Any CPU.ActiveCfg = DebugTrial|Any CPU
		{38B51256-1BAA-42E6-A043-47DD5A334513}.DebugTrial|Any CPU.Build.0 = DebugTrial|Any CPU
		{38B51256-1BAA-42E6-A043-47DD5A334513}.DebugTrial|Any CPU.Deploy.0 = DebugTrial|Any CPU
		{38B51256-1BAA-42E6-A043-47DD5A334513}.DebugTrial|ARM.ActiveCfg = DebugTrial|ARM
		{38B51256-1BAA-42E6-A043-47DD5A334513}.DebugTrial|ARM.Build.0 = DebugTrial|ARM
		{38B51256-1BAA-42E6-A043-47DD5A334513}.DebugTrial|ARM.Deploy.0 = DebugTrial|ARM
		{38B51256-1BAA-42E6-A043-47DD5A334513}.DebugTrial|x64.ActiveCfg = DebugTrial|Any CPU
		{38B51256-1BAA-42E6-A043-47DD5A334513}.DebugTrial|x86.ActiveCfg = DebugTrial|x86
		{38B51256-1BAA-42E6-A043-47DD5A334513}.DebugTrial|x86.Build.0 = DebugTrial|x86
		{38B51256-1BAA-42E6-A043-47DD5A334513}.DebugTrial|x86.Deploy.0 = DebugTrial|x86
		{38B51256-1BAA-42E6-A043-47DD5A334513}.Release|Any CPU.ActiveCfg = Release|Any CPU
		{38B51256-1BAA-42E6-A043-47DD5A334513}.Release|Any CPU.Build.0 = Release|Any CPU
		{38B51256-1BAA-42E6-A043-47DD5A334513}.Release|Any CPU.Deploy.0 = Release|Any CPU
		{38B51256-1BAA-42E6-A043-47DD5A334513}.Release|ARM.ActiveCfg = Release|ARM
		{38B51256-1BAA-42E6-A043-47DD5A334513}.Release|ARM.Build.0 = Release|ARM
		{38B51256-1BAA-42E6-A043-47DD5A334513}.Release|ARM.Deploy.0 = Release|ARM
		{38B51256-1BAA-42E6-A043-47DD5A334513}.Release|x64.ActiveCfg = Release|Any CPU
		{38B51256-1BAA-42E6-A043-47DD5A334513}.Release|x86.ActiveCfg = Release|x86
		{38B51256-1BAA-42E6-A043-47DD5A334513}.Release|x86.Build.0 = Release|x86
		{38B51256-1BAA-42E6-A043-47DD5A334513}.Release|x86.Deploy.0 = Release|x86
		{299CD68E-1122-4ABB-BA26-283E331417BA}.Debug|Any CPU.ActiveCfg = Debug|Any CPU
		{299CD68E-1122-4ABB-BA26-283E331417BA}.Debug|Any CPU.Build.0 = Debug|Any CPU
		{299CD68E-1122-4ABB-BA26-283E331417BA}.Debug|Any CPU.Deploy.0 = Debug|Any CPU
		{299CD68E-1122-4ABB-BA26-283E331417BA}.Debug|ARM.ActiveCfg = Debug|Any CPU
		{299CD68E-1122-4ABB-BA26-283E331417BA}.Debug|x64.ActiveCfg = Debug|Any CPU
		{299CD68E-1122-4ABB-BA26-283E331417BA}.Debug|x86.ActiveCfg = Debug|Any CPU
		{299CD68E-1122-4ABB-BA26-283E331417BA}.DebugTrial|Any CPU.ActiveCfg = DebugTrial|Any CPU
		{299CD68E-1122-4ABB-BA26-283E331417BA}.DebugTrial|Any CPU.Build.0 = DebugTrial|Any CPU
		{299CD68E-1122-4ABB-BA26-283E331417BA}.DebugTrial|Any CPU.Deploy.0 = DebugTrial|Any CPU
		{299CD68E-1122-4ABB-BA26-283E331417BA}.DebugTrial|ARM.ActiveCfg = DebugTrial|Any CPU
		{299CD68E-1122-4ABB-BA26-283E331417BA}.DebugTrial|x64.ActiveCfg = DebugTrial|Any CPU
		{299CD68E-1122-4ABB-BA26-283E331417BA}.DebugTrial|x86.ActiveCfg = DebugTrial|Any CPU
		{299CD68E-1122-4ABB-BA26-283E331417BA}.Release|Any CPU.ActiveCfg = Release|Any CPU
		{299CD68E-1122-4ABB-BA26-283E331417BA}.Release|Any CPU.Build.0 = Release|Any CPU
		{299CD68E-1122-4ABB-BA26-283E331417BA}.Release|Any CPU.Deploy.0 = Release|Any CPU
		{299CD68E-1122-4ABB-BA26-283E331417BA}.Release|ARM.ActiveCfg = Release|Any CPU
		{299CD68E-1122-4ABB-BA26-283E331417BA}.Release|x64.ActiveCfg = Release|Any CPU
		{299CD68E-1122-4ABB-BA26-283E331417BA}.Release|x86.ActiveCfg = Release|Any CPU
		{D14362C5-5568-49A0-8FAA-7F8C219C0C48}.Debug|Any CPU.ActiveCfg = Debug|Any CPU
		{D14362C5-5568-49A0-8FAA-7F8C219C0C48}.Debug|Any CPU.Build.0 = Debug|Any CPU
		{D14362C5-5568-49A0-8FAA-7F8C219C0C48}.Debug|ARM.ActiveCfg = Debug|Any CPU
		{D14362C5-5568-49A0-8FAA-7F8C219C0C48}.Debug|x64.ActiveCfg = Debug|Any CPU
		{D14362C5-5568-49A0-8FAA-7F8C219C0C48}.Debug|x86.ActiveCfg = Debug|Any CPU
		{D14362C5-5568-49A0-8FAA-7F8C219C0C48}.DebugTrial|Any CPU.ActiveCfg = DebugTrial|Any CPU
		{D14362C5-5568-49A0-8FAA-7F8C219C0C48}.DebugTrial|Any CPU.Build.0 = DebugTrial|Any CPU
		{D14362C5-5568-49A0-8FAA-7F8C219C0C48}.DebugTrial|ARM.ActiveCfg = DebugTrial|Any CPU
		{D14362C5-5568-49A0-8FAA-7F8C219C0C48}.DebugTrial|x64.ActiveCfg = DebugTrial|Any CPU
		{D14362C5-5568-49A0-8FAA-7F8C219C0C48}.DebugTrial|x86.ActiveCfg = DebugTrial|Any CPU
		{D14362C5-5568-49A0-8FAA-7F8C219C0C48}.Release|Any CPU.ActiveCfg = Release|Any CPU
		{D14362C5-5568-49A0-8FAA-7F8C219C0C48}.Release|Any CPU.Build.0 = Release|Any CPU
		{D14362C5-5568-49A0-8FAA-7F8C219C0C48}.Release|ARM.ActiveCfg = Release|Any CPU
		{D14362C5-5568-49A0-8FAA-7F8C219C0C48}.Release|x64.ActiveCfg = Release|Any CPU
		{D14362C5-5568-49A0-8FAA-7F8C219C0C48}.Release|x86.ActiveCfg = Release|Any CPU
		{49716E9D-F1AE-4ECF-9ED6-557BC424DBD3}.Debug|Any CPU.ActiveCfg = Debug|Any CPU
		{49716E9D-F1AE-4ECF-9ED6-557BC424DBD3}.Debug|Any CPU.Build.0 = Debug|Any CPU
		{49716E9D-F1AE-4ECF-9ED6-557BC424DBD3}.Debug|ARM.ActiveCfg = Debug|Any CPU
		{49716E9D-F1AE-4ECF-9ED6-557BC424DBD3}.Debug|x64.ActiveCfg = Debug|Any CPU
		{49716E9D-F1AE-4ECF-9ED6-557BC424DBD3}.Debug|x86.ActiveCfg = Debug|Any CPU
		{49716E9D-F1AE-4ECF-9ED6-557BC424DBD3}.DebugTrial|Any CPU.ActiveCfg = DebugTrial|Any CPU
		{49716E9D-F1AE-4ECF-9ED6-557BC424DBD3}.DebugTrial|Any CPU.Build.0 = DebugTrial|Any CPU
		{49716E9D-F1AE-4ECF-9ED6-557BC424DBD3}.DebugTrial|ARM.ActiveCfg = DebugTrial|Any CPU
		{49716E9D-F1AE-4ECF-9ED6-557BC424DBD3}.DebugTrial|x64.ActiveCfg = DebugTrial|Any CPU
		{49716E9D-F1AE-4ECF-9ED6-557BC424DBD3}.DebugTrial|x86.ActiveCfg = DebugTrial|Any CPU
		{49716E9D-F1AE-4ECF-9ED6-557BC424DBD3}.Release|Any CPU.ActiveCfg = Release|Any CPU
		{49716E9D-F1AE-4ECF-9ED6-557BC424DBD3}.Release|Any CPU.Build.0 = Release|Any CPU
		{49716E9D-F1AE-4ECF-9ED6-557BC424DBD3}.Release|ARM.ActiveCfg = Release|Any CPU
		{49716E9D-F1AE-4ECF-9ED6-557BC424DBD3}.Release|x64.ActiveCfg = Release|Any CPU
		{49716E9D-F1AE-4ECF-9ED6-557BC424DBD3}.Release|x86.ActiveCfg = Release|Any CPU
		{62509334-83BD-4D52-9387-498D59630832}.Debug|Any CPU.ActiveCfg = Debug|Any CPU
		{62509334-83BD-4D52-9387-498D59630832}.Debug|Any CPU.Build.0 = Debug|Any CPU
		{62509334-83BD-4D52-9387-498D59630832}.Debug|ARM.ActiveCfg = Debug|ARM
		{62509334-83BD-4D52-9387-498D59630832}.Debug|ARM.Build.0 = Debug|ARM
		{62509334-83BD-4D52-9387-498D59630832}.Debug|x64.ActiveCfg = Debug|Any CPU
		{62509334-83BD-4D52-9387-498D59630832}.Debug|x86.ActiveCfg = Debug|x86
		{62509334-83BD-4D52-9387-498D59630832}.Debug|x86.Build.0 = Debug|x86
		{62509334-83BD-4D52-9387-498D59630832}.DebugTrial|Any CPU.ActiveCfg = DebugTrial|Any CPU
		{62509334-83BD-4D52-9387-498D59630832}.DebugTrial|Any CPU.Build.0 = DebugTrial|Any CPU
		{62509334-83BD-4D52-9387-498D59630832}.DebugTrial|ARM.ActiveCfg = DebugTrial|ARM
		{62509334-83BD-4D52-9387-498D59630832}.DebugTrial|ARM.Build.0 = DebugTrial|ARM
		{62509334-83BD-4D52-9387-498D59630832}.DebugTrial|x64.ActiveCfg = DebugTrial|Any CPU
		{62509334-83BD-4D52-9387-498D59630832}.DebugTrial|x86.ActiveCfg = DebugTrial|x86
		{62509334-83BD-4D52-9387-498D59630832}.DebugTrial|x86.Build.0 = DebugTrial|x86
		{62509334-83BD-4D52-9387-498D59630832}.Release|Any CPU.ActiveCfg = Release|Any CPU
		{62509334-83BD-4D52-9387-498D59630832}.Release|Any CPU.Build.0 = Release|Any CPU
		{62509334-83BD-4D52-9387-498D59630832}.Release|ARM.ActiveCfg = Release|ARM
		{62509334-83BD-4D52-9387-498D59630832}.Release|ARM.Build.0 = Release|ARM
		{62509334-83BD-4D52-9387-498D59630832}.Release|x64.ActiveCfg = Release|Any CPU
		{62509334-83BD-4D52-9387-498D59630832}.Release|x86.ActiveCfg = Release|x86
		{62509334-83BD-4D52-9387-498D59630832}.Release|x86.Build.0 = Release|x86
		{0663D56B-A326-4E58-939B-B20ADEE2C7E7}.Debug|Any CPU.ActiveCfg = Debug|Any CPU
		{0663D56B-A326-4E58-939B-B20ADEE2C7E7}.Debug|Any CPU.Build.0 = Debug|Any CPU
		{0663D56B-A326-4E58-939B-B20ADEE2C7E7}.Debug|ARM.ActiveCfg = Debug|Any CPU
		{0663D56B-A326-4E58-939B-B20ADEE2C7E7}.Debug|x64.ActiveCfg = Debug|Any CPU
		{0663D56B-A326-4E58-939B-B20ADEE2C7E7}.Debug|x86.ActiveCfg = Debug|Any CPU
		{0663D56B-A326-4E58-939B-B20ADEE2C7E7}.DebugTrial|Any CPU.ActiveCfg = DebugTrial|Any CPU
		{0663D56B-A326-4E58-939B-B20ADEE2C7E7}.DebugTrial|Any CPU.Build.0 = DebugTrial|Any CPU
		{0663D56B-A326-4E58-939B-B20ADEE2C7E7}.DebugTrial|ARM.ActiveCfg = DebugTrial|Any CPU
		{0663D56B-A326-4E58-939B-B20ADEE2C7E7}.DebugTrial|x64.ActiveCfg = DebugTrial|Any CPU
		{0663D56B-A326-4E58-939B-B20ADEE2C7E7}.DebugTrial|x86.ActiveCfg = DebugTrial|Any CPU
		{0663D56B-A326-4E58-939B-B20ADEE2C7E7}.Release|Any CPU.ActiveCfg = Release|Any CPU
		{0663D56B-A326-4E58-939B-B20ADEE2C7E7}.Release|Any CPU.Build.0 = Release|Any CPU
		{0663D56B-A326-4E58-939B-B20ADEE2C7E7}.Release|ARM.ActiveCfg = Release|Any CPU
		{0663D56B-A326-4E58-939B-B20ADEE2C7E7}.Release|x64.ActiveCfg = Release|Any CPU
		{0663D56B-A326-4E58-939B-B20ADEE2C7E7}.Release|x86.ActiveCfg = Release|Any CPU
		{608F448C-18D2-47B6-A643-904223B51D7C}.Debug|Any CPU.ActiveCfg = Debug|Any CPU
		{608F448C-18D2-47B6-A643-904223B51D7C}.Debug|Any CPU.Build.0 = Debug|Any CPU
		{608F448C-18D2-47B6-A643-904223B51D7C}.Debug|ARM.ActiveCfg = Debug|Any CPU
		{608F448C-18D2-47B6-A643-904223B51D7C}.Debug|x64.ActiveCfg = Debug|Any CPU
		{608F448C-18D2-47B6-A643-904223B51D7C}.Debug|x86.ActiveCfg = Debug|Any CPU
		{608F448C-18D2-47B6-A643-904223B51D7C}.DebugTrial|Any CPU.ActiveCfg = Debug|Any CPU
		{608F448C-18D2-47B6-A643-904223B51D7C}.DebugTrial|Any CPU.Build.0 = Debug|Any CPU
		{608F448C-18D2-47B6-A643-904223B51D7C}.DebugTrial|ARM.ActiveCfg = Debug|Any CPU
		{608F448C-18D2-47B6-A643-904223B51D7C}.DebugTrial|x64.ActiveCfg = Debug|Any CPU
		{608F448C-18D2-47B6-A643-904223B51D7C}.DebugTrial|x86.ActiveCfg = Debug|Any CPU
		{608F448C-18D2-47B6-A643-904223B51D7C}.Release|Any CPU.ActiveCfg = Release|Any CPU
		{608F448C-18D2-47B6-A643-904223B51D7C}.Release|Any CPU.Build.0 = Release|Any CPU
		{608F448C-18D2-47B6-A643-904223B51D7C}.Release|ARM.ActiveCfg = Release|Any CPU
		{608F448C-18D2-47B6-A643-904223B51D7C}.Release|x64.ActiveCfg = Release|Any CPU
		{608F448C-18D2-47B6-A643-904223B51D7C}.Release|x86.ActiveCfg = Release|Any CPU
	EndGlobalSection
	GlobalSection(SolutionProperties) = preSolution
		HideSolutionNode = FALSE
	EndGlobalSection
EndGlobal
