
Microsoft Visual Studio Solution File, Format Version 12.00
# Visual Studio 2012
Project("{2150E333-8FDC-42A3-9474-1A3956D46DE8}") = ".nuget", ".nuget", "{47317A2D-29F2-4E48-A986-DDDA2467158E}"
	ProjectSection(SolutionItems) = preProject
		.nuget\NuGet.Config = .nuget\NuGet.Config
		.nuget\nuget.exe = .nuget\nuget.exe
		.nuget\NuGet.targets = .nuget\NuGet.targets
	EndProjectSection
EndProject
Project("{FAE04EC0-301F-11D3-BF4B-00C04F79EFBC}") = "MediaBrowser.Shared", "MediaBrowser.Shared\MediaBrowser.Shared.csproj", "{2D3D6DCD-C00F-4E40-AF44-8975A2DF87A3}"
EndProject
Project("{FAE04EC0-301F-11D3-BF4B-00C04F79EFBC}") = "MediaBrowser.WindowsPhone8", "MediaBrowser.WindowsPhone8\MediaBrowser.WindowsPhone8.csproj", "{38B51256-1BAA-42E6-A043-47DD5A334513}"
EndProject
Project("{FAE04EC0-301F-11D3-BF4B-00C04F79EFBC}") = "MediaBrowser.WindowsPhone7", "MediaBrowser.WindowsPhone7\MediaBrowser.WindowsPhone7.csproj", "{299CD68E-1122-4ABB-BA26-283E331417BA}"
EndProject
Project("{FAE04EC0-301F-11D3-BF4B-00C04F79EFBC}") = "MediaBrowser.Windows8", "MediaBrowser.Windows8\MediaBrowser.Windows8.csproj", "{E3B67D17-D630-44C8-ACCC-46AD59A6DD85}"
EndProject
Global
	GlobalSection(SolutionConfigurationPlatforms) = preSolution
		Debug - AnyCPU|Any CPU = Debug - AnyCPU|Any CPU
		Debug - AnyCPU|ARM = Debug - AnyCPU|ARM
		Debug - AnyCPU|x64 = Debug - AnyCPU|x64
		Debug - AnyCPU|x86 = Debug - AnyCPU|x86
		Debug - x64|Any CPU = Debug - x64|Any CPU
		Debug - x64|ARM = Debug - x64|ARM
		Debug - x64|x64 = Debug - x64|x64
		Debug - x64|x86 = Debug - x64|x86
		Debug - x86|Any CPU = Debug - x86|Any CPU
		Debug - x86|ARM = Debug - x86|ARM
		Debug - x86|x64 = Debug - x86|x64
		Debug - x86|x86 = Debug - x86|x86
		Debug|Any CPU = Debug|Any CPU
		Debug|ARM = Debug|ARM
		Debug|x64 = Debug|x64
		Debug|x86 = Debug|x86
		Release - x64|Any CPU = Release - x64|Any CPU
		Release - x64|ARM = Release - x64|ARM
		Release - x64|x64 = Release - x64|x64
		Release - x64|x86 = Release - x64|x86
		Release|Any CPU = Release|Any CPU
		Release|ARM = Release|ARM
		Release|x64 = Release|x64
		Release|x86 = Release|x86
	EndGlobalSection
	GlobalSection(ProjectConfigurationPlatforms) = postSolution
		{2D3D6DCD-C00F-4E40-AF44-8975A2DF87A3}.Debug - AnyCPU|Any CPU.ActiveCfg = Debug - AnyCPU|Any CPU
		{2D3D6DCD-C00F-4E40-AF44-8975A2DF87A3}.Debug - AnyCPU|Any CPU.Build.0 = Debug - AnyCPU|Any CPU
		{2D3D6DCD-C00F-4E40-AF44-8975A2DF87A3}.Debug - AnyCPU|ARM.ActiveCfg = Debug - AnyCPU|Any CPU
		{2D3D6DCD-C00F-4E40-AF44-8975A2DF87A3}.Debug - AnyCPU|x64.ActiveCfg = Debug - AnyCPU|Any CPU
		{2D3D6DCD-C00F-4E40-AF44-8975A2DF87A3}.Debug - AnyCPU|x86.ActiveCfg = Debug - AnyCPU|Any CPU
		{2D3D6DCD-C00F-4E40-AF44-8975A2DF87A3}.Debug - x64|Any CPU.ActiveCfg = Debug - x64|Any CPU
		{2D3D6DCD-C00F-4E40-AF44-8975A2DF87A3}.Debug - x64|Any CPU.Build.0 = Debug - x64|Any CPU
		{2D3D6DCD-C00F-4E40-AF44-8975A2DF87A3}.Debug - x64|ARM.ActiveCfg = Debug - x64|Any CPU
		{2D3D6DCD-C00F-4E40-AF44-8975A2DF87A3}.Debug - x64|x64.ActiveCfg = Debug - x64|Any CPU
		{2D3D6DCD-C00F-4E40-AF44-8975A2DF87A3}.Debug - x64|x86.ActiveCfg = Debug - x64|Any CPU
		{2D3D6DCD-C00F-4E40-AF44-8975A2DF87A3}.Debug - x86|Any CPU.ActiveCfg = Debug - x64|Any CPU
		{2D3D6DCD-C00F-4E40-AF44-8975A2DF87A3}.Debug - x86|Any CPU.Build.0 = Debug - x64|Any CPU
		{2D3D6DCD-C00F-4E40-AF44-8975A2DF87A3}.Debug - x86|ARM.ActiveCfg = Debug - x64|Any CPU
		{2D3D6DCD-C00F-4E40-AF44-8975A2DF87A3}.Debug - x86|x64.ActiveCfg = Debug - x64|Any CPU
		{2D3D6DCD-C00F-4E40-AF44-8975A2DF87A3}.Debug - x86|x86.ActiveCfg = Debug - x64|Any CPU
		{2D3D6DCD-C00F-4E40-AF44-8975A2DF87A3}.Debug|Any CPU.ActiveCfg = Debug|Any CPU
		{2D3D6DCD-C00F-4E40-AF44-8975A2DF87A3}.Debug|Any CPU.Build.0 = Debug|Any CPU
		{2D3D6DCD-C00F-4E40-AF44-8975A2DF87A3}.Debug|ARM.ActiveCfg = Debug|Any CPU
		{2D3D6DCD-C00F-4E40-AF44-8975A2DF87A3}.Debug|x64.ActiveCfg = Debug|Any CPU
		{2D3D6DCD-C00F-4E40-AF44-8975A2DF87A3}.Debug|x86.ActiveCfg = Debug|Any CPU
		{2D3D6DCD-C00F-4E40-AF44-8975A2DF87A3}.Release - x64|Any CPU.ActiveCfg = Release - x64|Any CPU
		{2D3D6DCD-C00F-4E40-AF44-8975A2DF87A3}.Release - x64|Any CPU.Build.0 = Release - x64|Any CPU
		{2D3D6DCD-C00F-4E40-AF44-8975A2DF87A3}.Release - x64|ARM.ActiveCfg = Release - x64|Any CPU
		{2D3D6DCD-C00F-4E40-AF44-8975A2DF87A3}.Release - x64|x64.ActiveCfg = Release - x64|Any CPU
		{2D3D6DCD-C00F-4E40-AF44-8975A2DF87A3}.Release - x64|x86.ActiveCfg = Release - x64|Any CPU
		{2D3D6DCD-C00F-4E40-AF44-8975A2DF87A3}.Release|Any CPU.ActiveCfg = Release|Any CPU
		{2D3D6DCD-C00F-4E40-AF44-8975A2DF87A3}.Release|Any CPU.Build.0 = Release|Any CPU
		{2D3D6DCD-C00F-4E40-AF44-8975A2DF87A3}.Release|ARM.ActiveCfg = Release|Any CPU
		{2D3D6DCD-C00F-4E40-AF44-8975A2DF87A3}.Release|x64.ActiveCfg = Release|Any CPU
		{2D3D6DCD-C00F-4E40-AF44-8975A2DF87A3}.Release|x86.ActiveCfg = Release|Any CPU
		{38B51256-1BAA-42E6-A043-47DD5A334513}.Debug - AnyCPU|Any CPU.ActiveCfg = Debug|Any CPU
		{38B51256-1BAA-42E6-A043-47DD5A334513}.Debug - AnyCPU|Any CPU.Build.0 = Debug|Any CPU
		{38B51256-1BAA-42E6-A043-47DD5A334513}.Debug - AnyCPU|Any CPU.Deploy.0 = Debug|Any CPU
		{38B51256-1BAA-42E6-A043-47DD5A334513}.Debug - AnyCPU|ARM.ActiveCfg = Debug|ARM
		{38B51256-1BAA-42E6-A043-47DD5A334513}.Debug - AnyCPU|ARM.Build.0 = Debug|ARM
		{38B51256-1BAA-42E6-A043-47DD5A334513}.Debug - AnyCPU|ARM.Deploy.0 = Debug|ARM
		{38B51256-1BAA-42E6-A043-47DD5A334513}.Debug - AnyCPU|x64.ActiveCfg = Debug|Any CPU
		{38B51256-1BAA-42E6-A043-47DD5A334513}.Debug - AnyCPU|x86.ActiveCfg = Debug|x86
		{38B51256-1BAA-42E6-A043-47DD5A334513}.Debug - AnyCPU|x86.Build.0 = Debug|x86
		{38B51256-1BAA-42E6-A043-47DD5A334513}.Debug - AnyCPU|x86.Deploy.0 = Debug|x86
		{38B51256-1BAA-42E6-A043-47DD5A334513}.Debug - x64|Any CPU.ActiveCfg = Debug|Any CPU
		{38B51256-1BAA-42E6-A043-47DD5A334513}.Debug - x64|Any CPU.Build.0 = Debug|Any CPU
		{38B51256-1BAA-42E6-A043-47DD5A334513}.Debug - x64|Any CPU.Deploy.0 = Debug|Any CPU
		{38B51256-1BAA-42E6-A043-47DD5A334513}.Debug - x64|ARM.ActiveCfg = Debug|ARM
		{38B51256-1BAA-42E6-A043-47DD5A334513}.Debug - x64|ARM.Build.0 = Debug|ARM
		{38B51256-1BAA-42E6-A043-47DD5A334513}.Debug - x64|ARM.Deploy.0 = Debug|ARM
		{38B51256-1BAA-42E6-A043-47DD5A334513}.Debug - x64|x64.ActiveCfg = Debug|Any CPU
		{38B51256-1BAA-42E6-A043-47DD5A334513}.Debug - x64|x86.ActiveCfg = Debug|x86
		{38B51256-1BAA-42E6-A043-47DD5A334513}.Debug - x64|x86.Build.0 = Debug|x86
		{38B51256-1BAA-42E6-A043-47DD5A334513}.Debug - x64|x86.Deploy.0 = Debug|x86
		{38B51256-1BAA-42E6-A043-47DD5A334513}.Debug - x86|Any CPU.ActiveCfg = Debug|Any CPU
		{38B51256-1BAA-42E6-A043-47DD5A334513}.Debug - x86|Any CPU.Build.0 = Debug|Any CPU
		{38B51256-1BAA-42E6-A043-47DD5A334513}.Debug - x86|Any CPU.Deploy.0 = Debug|Any CPU
		{38B51256-1BAA-42E6-A043-47DD5A334513}.Debug - x86|ARM.ActiveCfg = Debug|ARM
		{38B51256-1BAA-42E6-A043-47DD5A334513}.Debug - x86|ARM.Build.0 = Debug|ARM
		{38B51256-1BAA-42E6-A043-47DD5A334513}.Debug - x86|ARM.Deploy.0 = Debug|ARM
		{38B51256-1BAA-42E6-A043-47DD5A334513}.Debug - x86|x64.ActiveCfg = Debug|Any CPU
		{38B51256-1BAA-42E6-A043-47DD5A334513}.Debug - x86|x86.ActiveCfg = Debug|x86
		{38B51256-1BAA-42E6-A043-47DD5A334513}.Debug - x86|x86.Build.0 = Debug|x86
		{38B51256-1BAA-42E6-A043-47DD5A334513}.Debug - x86|x86.Deploy.0 = Debug|x86
		{38B51256-1BAA-42E6-A043-47DD5A334513}.Debug|Any CPU.ActiveCfg = Debug|Any CPU
		{38B51256-1BAA-42E6-A043-47DD5A334513}.Debug|Any CPU.Build.0 = Debug|Any CPU
		{38B51256-1BAA-42E6-A043-47DD5A334513}.Debug|Any CPU.Deploy.0 = Debug|Any CPU
		{38B51256-1BAA-42E6-A043-47DD5A334513}.Debug|ARM.ActiveCfg = Debug|ARM
		{38B51256-1BAA-42E6-A043-47DD5A334513}.Debug|ARM.Build.0 = Debug|ARM
		{38B51256-1BAA-42E6-A043-47DD5A334513}.Debug|ARM.Deploy.0 = Debug|ARM
		{38B51256-1BAA-42E6-A043-47DD5A334513}.Debug|x64.ActiveCfg = Debug|Any CPU
		{38B51256-1BAA-42E6-A043-47DD5A334513}.Debug|x86.ActiveCfg = Debug|x86
		{38B51256-1BAA-42E6-A043-47DD5A334513}.Debug|x86.Build.0 = Debug|x86
		{38B51256-1BAA-42E6-A043-47DD5A334513}.Debug|x86.Deploy.0 = Debug|x86
		{38B51256-1BAA-42E6-A043-47DD5A334513}.Release - x64|Any CPU.ActiveCfg = Release|Any CPU
		{38B51256-1BAA-42E6-A043-47DD5A334513}.Release - x64|Any CPU.Build.0 = Release|Any CPU
		{38B51256-1BAA-42E6-A043-47DD5A334513}.Release - x64|Any CPU.Deploy.0 = Release|Any CPU
		{38B51256-1BAA-42E6-A043-47DD5A334513}.Release - x64|ARM.ActiveCfg = Release|ARM
		{38B51256-1BAA-42E6-A043-47DD5A334513}.Release - x64|ARM.Build.0 = Release|ARM
		{38B51256-1BAA-42E6-A043-47DD5A334513}.Release - x64|ARM.Deploy.0 = Release|ARM
		{38B51256-1BAA-42E6-A043-47DD5A334513}.Release - x64|x64.ActiveCfg = Release|Any CPU
		{38B51256-1BAA-42E6-A043-47DD5A334513}.Release - x64|x86.ActiveCfg = Release|x86
		{38B51256-1BAA-42E6-A043-47DD5A334513}.Release - x64|x86.Build.0 = Release|x86
		{38B51256-1BAA-42E6-A043-47DD5A334513}.Release - x64|x86.Deploy.0 = Release|x86
		{38B51256-1BAA-42E6-A043-47DD5A334513}.Release|Any CPU.ActiveCfg = Release|Any CPU
		{38B51256-1BAA-42E6-A043-47DD5A334513}.Release|Any CPU.Build.0 = Release|Any CPU
		{38B51256-1BAA-42E6-A043-47DD5A334513}.Release|Any CPU.Deploy.0 = Release|Any CPU
		{38B51256-1BAA-42E6-A043-47DD5A334513}.Release|ARM.ActiveCfg = Release|ARM
		{38B51256-1BAA-42E6-A043-47DD5A334513}.Release|ARM.Build.0 = Release|ARM
		{38B51256-1BAA-42E6-A043-47DD5A334513}.Release|ARM.Deploy.0 = Release|ARM
		{38B51256-1BAA-42E6-A043-47DD5A334513}.Release|x64.ActiveCfg = Release|Any CPU
		{38B51256-1BAA-42E6-A043-47DD5A334513}.Release|x86.ActiveCfg = Release|x86
		{38B51256-1BAA-42E6-A043-47DD5A334513}.Release|x86.Build.0 = Release|x86
		{38B51256-1BAA-42E6-A043-47DD5A334513}.Release|x86.Deploy.0 = Release|x86
		{299CD68E-1122-4ABB-BA26-283E331417BA}.Debug - AnyCPU|Any CPU.ActiveCfg = Debug|Any CPU
		{299CD68E-1122-4ABB-BA26-283E331417BA}.Debug - AnyCPU|Any CPU.Build.0 = Debug|Any CPU
		{299CD68E-1122-4ABB-BA26-283E331417BA}.Debug - AnyCPU|Any CPU.Deploy.0 = Debug|Any CPU
		{299CD68E-1122-4ABB-BA26-283E331417BA}.Debug - AnyCPU|ARM.ActiveCfg = Debug|Any CPU
		{299CD68E-1122-4ABB-BA26-283E331417BA}.Debug - AnyCPU|x64.ActiveCfg = Debug|Any CPU
		{299CD68E-1122-4ABB-BA26-283E331417BA}.Debug - AnyCPU|x86.ActiveCfg = Debug|Any CPU
		{299CD68E-1122-4ABB-BA26-283E331417BA}.Debug - x64|Any CPU.ActiveCfg = Debug|Any CPU
		{299CD68E-1122-4ABB-BA26-283E331417BA}.Debug - x64|Any CPU.Build.0 = Debug|Any CPU
		{299CD68E-1122-4ABB-BA26-283E331417BA}.Debug - x64|Any CPU.Deploy.0 = Debug|Any CPU
		{299CD68E-1122-4ABB-BA26-283E331417BA}.Debug - x64|ARM.ActiveCfg = Debug|Any CPU
		{299CD68E-1122-4ABB-BA26-283E331417BA}.Debug - x64|x64.ActiveCfg = Debug|Any CPU
		{299CD68E-1122-4ABB-BA26-283E331417BA}.Debug - x64|x86.ActiveCfg = Debug|Any CPU
		{299CD68E-1122-4ABB-BA26-283E331417BA}.Debug - x86|Any CPU.ActiveCfg = Debug|Any CPU
		{299CD68E-1122-4ABB-BA26-283E331417BA}.Debug - x86|Any CPU.Build.0 = Debug|Any CPU
		{299CD68E-1122-4ABB-BA26-283E331417BA}.Debug - x86|Any CPU.Deploy.0 = Debug|Any CPU
		{299CD68E-1122-4ABB-BA26-283E331417BA}.Debug - x86|ARM.ActiveCfg = Debug|Any CPU
		{299CD68E-1122-4ABB-BA26-283E331417BA}.Debug - x86|x64.ActiveCfg = Debug|Any CPU
		{299CD68E-1122-4ABB-BA26-283E331417BA}.Debug - x86|x86.ActiveCfg = Debug|Any CPU
		{299CD68E-1122-4ABB-BA26-283E331417BA}.Debug|Any CPU.ActiveCfg = Debug|Any CPU
		{299CD68E-1122-4ABB-BA26-283E331417BA}.Debug|Any CPU.Build.0 = Debug|Any CPU
		{299CD68E-1122-4ABB-BA26-283E331417BA}.Debug|Any CPU.Deploy.0 = Debug|Any CPU
		{299CD68E-1122-4ABB-BA26-283E331417BA}.Debug|ARM.ActiveCfg = Debug|Any CPU
		{299CD68E-1122-4ABB-BA26-283E331417BA}.Debug|x64.ActiveCfg = Debug|Any CPU
		{299CD68E-1122-4ABB-BA26-283E331417BA}.Debug|x86.ActiveCfg = Debug|Any CPU
		{299CD68E-1122-4ABB-BA26-283E331417BA}.Release - x64|Any CPU.ActiveCfg = Release|Any CPU
		{299CD68E-1122-4ABB-BA26-283E331417BA}.Release - x64|Any CPU.Build.0 = Release|Any CPU
		{299CD68E-1122-4ABB-BA26-283E331417BA}.Release - x64|Any CPU.Deploy.0 = Release|Any CPU
		{299CD68E-1122-4ABB-BA26-283E331417BA}.Release - x64|ARM.ActiveCfg = Release|Any CPU
		{299CD68E-1122-4ABB-BA26-283E331417BA}.Release - x64|x64.ActiveCfg = Release|Any CPU
		{299CD68E-1122-4ABB-BA26-283E331417BA}.Release - x64|x86.ActiveCfg = Release|Any CPU
		{299CD68E-1122-4ABB-BA26-283E331417BA}.Release|Any CPU.ActiveCfg = Release|Any CPU
		{299CD68E-1122-4ABB-BA26-283E331417BA}.Release|Any CPU.Build.0 = Release|Any CPU
		{299CD68E-1122-4ABB-BA26-283E331417BA}.Release|Any CPU.Deploy.0 = Release|Any CPU
		{299CD68E-1122-4ABB-BA26-283E331417BA}.Release|ARM.ActiveCfg = Release|Any CPU
		{299CD68E-1122-4ABB-BA26-283E331417BA}.Release|x64.ActiveCfg = Release|Any CPU
		{299CD68E-1122-4ABB-BA26-283E331417BA}.Release|x86.ActiveCfg = Release|Any CPU
		{E3B67D17-D630-44C8-ACCC-46AD59A6DD85}.Debug - AnyCPU|Any CPU.ActiveCfg = Debug - AnyCPU|Any CPU
		{E3B67D17-D630-44C8-ACCC-46AD59A6DD85}.Debug - AnyCPU|Any CPU.Build.0 = Debug - AnyCPU|Any CPU
		{E3B67D17-D630-44C8-ACCC-46AD59A6DD85}.Debug - AnyCPU|Any CPU.Deploy.0 = Debug - AnyCPU|Any CPU
		{E3B67D17-D630-44C8-ACCC-46AD59A6DD85}.Debug - AnyCPU|ARM.ActiveCfg = Debug - AnyCPU|ARM
		{E3B67D17-D630-44C8-ACCC-46AD59A6DD85}.Debug - AnyCPU|ARM.Build.0 = Debug - AnyCPU|ARM
		{E3B67D17-D630-44C8-ACCC-46AD59A6DD85}.Debug - AnyCPU|ARM.Deploy.0 = Debug - AnyCPU|ARM
		{E3B67D17-D630-44C8-ACCC-46AD59A6DD85}.Debug - AnyCPU|x64.ActiveCfg = Debug - AnyCPU|x64
		{E3B67D17-D630-44C8-ACCC-46AD59A6DD85}.Debug - AnyCPU|x64.Build.0 = Debug - AnyCPU|x64
		{E3B67D17-D630-44C8-ACCC-46AD59A6DD85}.Debug - AnyCPU|x64.Deploy.0 = Debug - AnyCPU|x64
		{E3B67D17-D630-44C8-ACCC-46AD59A6DD85}.Debug - AnyCPU|x86.ActiveCfg = Debug - AnyCPU|x86
		{E3B67D17-D630-44C8-ACCC-46AD59A6DD85}.Debug - AnyCPU|x86.Build.0 = Debug - AnyCPU|x86
		{E3B67D17-D630-44C8-ACCC-46AD59A6DD85}.Debug - AnyCPU|x86.Deploy.0 = Debug - AnyCPU|x86
		{E3B67D17-D630-44C8-ACCC-46AD59A6DD85}.Debug - x64|Any CPU.ActiveCfg = Debug - x64|Any CPU
		{E3B67D17-D630-44C8-ACCC-46AD59A6DD85}.Debug - x64|Any CPU.Build.0 = Debug - x64|Any CPU
		{E3B67D17-D630-44C8-ACCC-46AD59A6DD85}.Debug - x64|Any CPU.Deploy.0 = Debug - x64|Any CPU
		{E3B67D17-D630-44C8-ACCC-46AD59A6DD85}.Debug - x64|ARM.ActiveCfg = Debug - x64|ARM
		{E3B67D17-D630-44C8-ACCC-46AD59A6DD85}.Debug - x64|ARM.Build.0 = Debug - x64|ARM
		{E3B67D17-D630-44C8-ACCC-46AD59A6DD85}.Debug - x64|ARM.Deploy.0 = Debug - x64|ARM
		{E3B67D17-D630-44C8-ACCC-46AD59A6DD85}.Debug - x64|x64.ActiveCfg = Debug - x64|x64
		{E3B67D17-D630-44C8-ACCC-46AD59A6DD85}.Debug - x64|x64.Build.0 = Debug - x64|x64
		{E3B67D17-D630-44C8-ACCC-46AD59A6DD85}.Debug - x64|x64.Deploy.0 = Debug - x64|x64
		{E3B67D17-D630-44C8-ACCC-46AD59A6DD85}.Debug - x64|x86.ActiveCfg = Debug - x64|x86
		{E3B67D17-D630-44C8-ACCC-46AD59A6DD85}.Debug - x64|x86.Build.0 = Debug - x64|x86
		{E3B67D17-D630-44C8-ACCC-46AD59A6DD85}.Debug - x64|x86.Deploy.0 = Debug - x64|x86
		{E3B67D17-D630-44C8-ACCC-46AD59A6DD85}.Debug - x86|Any CPU.ActiveCfg = Debug - x86|Any CPU
		{E3B67D17-D630-44C8-ACCC-46AD59A6DD85}.Debug - x86|Any CPU.Build.0 = Debug - x86|Any CPU
		{E3B67D17-D630-44C8-ACCC-46AD59A6DD85}.Debug - x86|Any CPU.Deploy.0 = Debug - x86|Any CPU
		{E3B67D17-D630-44C8-ACCC-46AD59A6DD85}.Debug - x86|ARM.ActiveCfg = Debug - x86|ARM
		{E3B67D17-D630-44C8-ACCC-46AD59A6DD85}.Debug - x86|ARM.Build.0 = Debug - x86|ARM
		{E3B67D17-D630-44C8-ACCC-46AD59A6DD85}.Debug - x86|ARM.Deploy.0 = Debug - x86|ARM
		{E3B67D17-D630-44C8-ACCC-46AD59A6DD85}.Debug - x86|x64.ActiveCfg = Debug - x86|x64
		{E3B67D17-D630-44C8-ACCC-46AD59A6DD85}.Debug - x86|x64.Build.0 = Debug - x86|x64
		{E3B67D17-D630-44C8-ACCC-46AD59A6DD85}.Debug - x86|x64.Deploy.0 = Debug - x86|x64
		{E3B67D17-D630-44C8-ACCC-46AD59A6DD85}.Debug - x86|x86.ActiveCfg = Debug - x86|x86
		{E3B67D17-D630-44C8-ACCC-46AD59A6DD85}.Debug - x86|x86.Build.0 = Debug - x86|x86
		{E3B67D17-D630-44C8-ACCC-46AD59A6DD85}.Debug - x86|x86.Deploy.0 = Debug - x86|x86
		{E3B67D17-D630-44C8-ACCC-46AD59A6DD85}.Debug|Any CPU.ActiveCfg = Debug|Any CPU
		{E3B67D17-D630-44C8-ACCC-46AD59A6DD85}.Debug|Any CPU.Build.0 = Debug|Any CPU
		{E3B67D17-D630-44C8-ACCC-46AD59A6DD85}.Debug|Any CPU.Deploy.0 = Debug|Any CPU
		{E3B67D17-D630-44C8-ACCC-46AD59A6DD85}.Debug|ARM.ActiveCfg = Debug|ARM
		{E3B67D17-D630-44C8-ACCC-46AD59A6DD85}.Debug|ARM.Build.0 = Debug|ARM
		{E3B67D17-D630-44C8-ACCC-46AD59A6DD85}.Debug|ARM.Deploy.0 = Debug|ARM
		{E3B67D17-D630-44C8-ACCC-46AD59A6DD85}.Debug|x64.ActiveCfg = Debug|x64
		{E3B67D17-D630-44C8-ACCC-46AD59A6DD85}.Debug|x64.Build.0 = Debug|x64
		{E3B67D17-D630-44C8-ACCC-46AD59A6DD85}.Debug|x64.Deploy.0 = Debug|x64
		{E3B67D17-D630-44C8-ACCC-46AD59A6DD85}.Debug|x86.ActiveCfg = Debug|x86
		{E3B67D17-D630-44C8-ACCC-46AD59A6DD85}.Debug|x86.Build.0 = Debug|x86
		{E3B67D17-D630-44C8-ACCC-46AD59A6DD85}.Debug|x86.Deploy.0 = Debug|x86
		{E3B67D17-D630-44C8-ACCC-46AD59A6DD85}.Release - x64|Any CPU.ActiveCfg = Release - x64|Any CPU
		{E3B67D17-D630-44C8-ACCC-46AD59A6DD85}.Release - x64|Any CPU.Build.0 = Release - x64|Any CPU
		{E3B67D17-D630-44C8-ACCC-46AD59A6DD85}.Release - x64|Any CPU.Deploy.0 = Release - x64|Any CPU
		{E3B67D17-D630-44C8-ACCC-46AD59A6DD85}.Release - x64|ARM.ActiveCfg = Release - x64|ARM
		{E3B67D17-D630-44C8-ACCC-46AD59A6DD85}.Release - x64|ARM.Build.0 = Release - x64|ARM
		{E3B67D17-D630-44C8-ACCC-46AD59A6DD85}.Release - x64|ARM.Deploy.0 = Release - x64|ARM
		{E3B67D17-D630-44C8-ACCC-46AD59A6DD85}.Release - x64|x64.ActiveCfg = Release - x64|x64
		{E3B67D17-D630-44C8-ACCC-46AD59A6DD85}.Release - x64|x64.Build.0 = Release - x64|x64
		{E3B67D17-D630-44C8-ACCC-46AD59A6DD85}.Release - x64|x64.Deploy.0 = Release - x64|x64
		{E3B67D17-D630-44C8-ACCC-46AD59A6DD85}.Release - x64|x86.ActiveCfg = Release - x64|x86
		{E3B67D17-D630-44C8-ACCC-46AD59A6DD85}.Release - x64|x86.Build.0 = Release - x64|x86
		{E3B67D17-D630-44C8-ACCC-46AD59A6DD85}.Release - x64|x86.Deploy.0 = Release - x64|x86
		{E3B67D17-D630-44C8-ACCC-46AD59A6DD85}.Release|Any CPU.ActiveCfg = Release|Any CPU
		{E3B67D17-D630-44C8-ACCC-46AD59A6DD85}.Release|Any CPU.Build.0 = Release|Any CPU
		{E3B67D17-D630-44C8-ACCC-46AD59A6DD85}.Release|Any CPU.Deploy.0 = Release|Any CPU
		{E3B67D17-D630-44C8-ACCC-46AD59A6DD85}.Release|ARM.ActiveCfg = Release|ARM
		{E3B67D17-D630-44C8-ACCC-46AD59A6DD85}.Release|ARM.Build.0 = Release|ARM
		{E3B67D17-D630-44C8-ACCC-46AD59A6DD85}.Release|ARM.Deploy.0 = Release|ARM
		{E3B67D17-D630-44C8-ACCC-46AD59A6DD85}.Release|x64.ActiveCfg = Release|x64
		{E3B67D17-D630-44C8-ACCC-46AD59A6DD85}.Release|x64.Build.0 = Release|x64
		{E3B67D17-D630-44C8-ACCC-46AD59A6DD85}.Release|x64.Deploy.0 = Release|x64
		{E3B67D17-D630-44C8-ACCC-46AD59A6DD85}.Release|x86.ActiveCfg = Release|x86
		{E3B67D17-D630-44C8-ACCC-46AD59A6DD85}.Release|x86.Build.0 = Release|x86
		{E3B67D17-D630-44C8-ACCC-46AD59A6DD85}.Release|x86.Deploy.0 = Release|x86
	EndGlobalSection
	GlobalSection(SolutionProperties) = preSolution
		HideSolutionNode = FALSE
	EndGlobalSection
EndGlobal
